# This file is autogenerated, do not edit; changes may be undone by the next 'dep ensure'.


[[projects]]
  branch = "master"
  digest = "1:fdc7ad0a9a481ca52cbdaa9f9e1373a0263f42f61651539924e79c6584828ebc"
  name = "github.com/Songmu/wrapcommander"
  packages = ["."]
  pruneopts = "UT"
  revision = "3fc46416541e1add0a5456a0475c41461422fdbf"

[[projects]]
  branch = "master"
  digest = "1:29effdf58c338bb7c74dcc05e39c278d21ede2d8a144bc9cb8493f523848c33d"
  name = "github.com/deckarep/gosx-notifier"
  packages = ["."]
  pruneopts = "UT"
  revision = "e127226297fb751aa3b582db5e92361fcbfc5a6c"

[[projects]]
  branch = "master"
  digest = "1:26f95c09041ff5a8fd4b7ee18675b222f3a11a3d94b2a654f54fc3b430df8fea"
  name = "github.com/monochromegane/slack-incoming-webhooks"
  packages = ["."]
  pruneopts = "UT"
  revision = "86d1b9ab9a9450c03e86cbe9ee2d0f1bb2de3bbf"

[[projects]]
  branch = "master"
  digest = "1:ff865c5772fd1d5dfc30dfd225f9faf545661c35aa774c972411a2ec4af7cd2a"
  name = "github.com/xconstruct/go-pushbullet"
  packages = ["."]
  pruneopts = "UT"
  revision = "67759df45fbbd23cbe3d5cdc6df7891c5b663cb8"

[[projects]]
  branch = "master"
  digest = "1:38f553aff0273ad6f367cb0a0f8b6eecbaef8dc6cb8b50e57b6a81c1d5b1e332"
  name = "golang.org/x/crypto"
  packages = ["ssh/terminal"]
  pruneopts = "UT"
  revision = "505ab145d0a99da450461ae2c1a9f6cd10d1f447"

[[projects]]
  branch = "master"
  digest = "1:10405139b45e3a97a3842c93984710e30466eb933545f219ad3f5e45246973b4"
  name = "golang.org/x/sys"
  packages = [
    "unix",
    "windows",
  ]
  pruneopts = "UT"
  revision = "9a3f9b0469bbc6b8802087ae5c0af9f61502de01"

[solve-meta]
  analyzer-name = "dep"
  analyzer-version = 1
  input-imports = [
    "github.com/Songmu/wrapcommander",
    "github.com/deckarep/gosx-notifier",
    "github.com/monochromegane/slack-incoming-webhooks",
    "github.com/xconstruct/go-pushbullet",
    "golang.org/x/crypto/ssh/terminal",
  ]
  solver-name = "gps-cdcl"
  solver-version = 1
